
Microsoft Visual Studio Solution File, Format Version 12.00
# Visual Studio Version 16
VisualStudioVersion = 16.0.30503.244
MinimumVisualStudioVersion = 10.0.40219.1
Project("{FAE04EC0-301F-11D3-BF4B-00C04F79EFBC}") = "punto2", "punto2.csproj", "{074EB153-3F5F-46D9-8001-F0E69E3B9445}"
EndProject
Project("{FAE04EC0-301F-11D3-BF4B-00C04F79EFBC}") = "punto4", "..\punto2\punto4.csproj", "{E905C4FF-493E-435F-8682-D62867D3DC41}"
EndProject
Global
	GlobalSection(SolutionConfigurationPlatforms) = preSolution
		Debug|Any CPU = Debug|Any CPU
		Release|Any CPU = Release|Any CPU
	EndGlobalSection
	GlobalSection(ProjectConfigurationPlatforms) = postSolution
		{074EB153-3F5F-46D9-8001-F0E69E3B9445}.Debug|Any CPU.ActiveCfg = Debug|Any CPU
		{074EB153-3F5F-46D9-8001-F0E69E3B9445}.Debug|Any CPU.Build.0 = Debug|Any CPU
		{074EB153-3F5F-46D9-8001-F0E69E3B9445}.Release|Any CPU.ActiveCfg = Release|Any CPU
		{074EB153-3F5F-46D9-8001-F0E69E3B9445}.Release|Any CPU.Build.0 = Release|Any CPU
		{E905C4FF-493E-435F-8682-D62867D3DC41}.Debug|Any CPU.ActiveCfg = Debug|Any CPU
		{E905C4FF-493E-435F-8682-D62867D3DC41}.Debug|Any CPU.Build.0 = Debug|Any CPU
		{E905C4FF-493E-435F-8682-D62867D3DC41}.Release|Any CPU.ActiveCfg = Release|Any CPU
		{E905C4FF-493E-435F-8682-D62867D3DC41}.Release|Any CPU.Build.0 = Release|Any CPU
	EndGlobalSection
	GlobalSection(SolutionProperties) = preSolution
		HideSolutionNode = FALSE
	EndGlobalSection
	GlobalSection(ExtensibilityGlobals) = postSolution
		SolutionGuid = {01B5FC01-D69C-49D4-97FC-977E2229E636}
	EndGlobalSection
EndGlobal
